
Microsoft Visual Studio Solution File, Format Version 12.00
# Visual Studio Version 16
VisualStudioVersion = 16.0.30413.136
MinimumVisualStudioVersion = 10.0.40219.1
Project("{8BC9CEB8-8B4A-11D0-8D11-00A0C91BC942}") = "offer27", "offer27\offer27.vcxproj", "{D621F596-5444-4B4C-9888-26095BD39CEB}"
EndProject
Global
	GlobalSection(SolutionConfigurationPlatforms) = preSolution
		Debug|x64 = Debug|x64
		Debug|x86 = Debug|x86
		Release|x64 = Release|x64
		Release|x86 = Release|x86
	EndGlobalSection
	GlobalSection(ProjectConfigurationPlatforms) = postSolution
		{D621F596-5444-4B4C-9888-26095BD39CEB}.Debug|x64.ActiveCfg = Debug|x64
		{D621F596-5444-4B4C-9888-26095BD39CEB}.Debug|x64.Build.0 = Debug|x64
		{D621F596-5444-4B4C-9888-26095BD39CEB}.Debug|x86.ActiveCfg = Debug|Win32
		{D621F596-5444-4B4C-9888-26095BD39CEB}.Debug|x86.Build.0 = Debug|Win32
		{D621F596-5444-4B4C-9888-26095BD39CEB}.Release|x64.ActiveCfg = Release|x64
		{D621F596-5444-4B4C-9888-26095BD39CEB}.Release|x64.Build.0 = Release|x64
		{D621F596-5444-4B4C-9888-26095BD39CEB}.Release|x86.ActiveCfg = Release|Win32
		{D621F596-5444-4B4C-9888-26095BD39CEB}.Release|x86.Build.0 = Release|Win32
	EndGlobalSection
	GlobalSection(SolutionProperties) = preSolution
		HideSolutionNode = FALSE
	EndGlobalSection
	GlobalSection(ExtensibilityGlobals) = postSolution
		SolutionGuid = {AD765C14-4C40-4816-822F-0EC8BA6B56A0}
	EndGlobalSection
EndGlobal
